// !$*UTF8*$!
{
	archiveVersion = 1;
	classes = {
	};
	objectVersion = 50;
	objects = {

/* Begin PBXBuildFile section */
		5F27B09D4D4162F61794B9AD /* Pods_HSxRealmDemoTests.framework in Frameworks */ = {isa = PBXBuildFile; fileRef = A0EBA95DF1D3871BF7C9779B /* Pods_HSxRealmDemoTests.framework */; };
		6329804A9423E49C6C336533 /* Pods_HSxRealmDemoUITests.framework in Frameworks */ = {isa = PBXBuildFile; fileRef = 4EECB273BDC72360DBC26272 /* Pods_HSxRealmDemoUITests.framework */; };
		938B7B4E027A4D2039355125 /* Pods_HSxRealmDemo.framework in Frameworks */ = {isa = PBXBuildFile; fileRef = AEDFE21888FF67ADC9463277 /* Pods_HSxRealmDemo.framework */; };
		A1800F3420E4C21200C209E4 /* AppDelegate.swift in Sources */ = {isa = PBXBuildFile; fileRef = A1800F3320E4C21200C209E4 /* AppDelegate.swift */; };
		A1800F3620E4C21200C209E4 /* ViewController.swift in Sources */ = {isa = PBXBuildFile; fileRef = A1800F3520E4C21200C209E4 /* ViewController.swift */; };
		A1800F3920E4C21200C209E4 /* Main.storyboard in Resources */ = {isa = PBXBuildFile; fileRef = A1800F3720E4C21200C209E4 /* Main.storyboard */; };
		A1800F3B20E4C21400C209E4 /* Assets.xcassets in Resources */ = {isa = PBXBuildFile; fileRef = A1800F3A20E4C21400C209E4 /* Assets.xcassets */; };
		A1800F3E20E4C21400C209E4 /* LaunchScreen.storyboard in Resources */ = {isa = PBXBuildFile; fileRef = A1800F3C20E4C21400C209E4 /* LaunchScreen.storyboard */; };
		A1800F4920E4C21400C209E4 /* HSxRealmDemoTests.swift in Sources */ = {isa = PBXBuildFile; fileRef = A1800F4820E4C21400C209E4 /* HSxRealmDemoTests.swift */; };
		A1800F5420E4C21400C209E4 /* HSxRealmDemoUITests.swift in Sources */ = {isa = PBXBuildFile; fileRef = A1800F5320E4C21400C209E4 /* HSxRealmDemoUITests.swift */; };
		A1800F6520E4D6B400C209E4 /* HSxStudentRealmTool.swift in Sources */ = {isa = PBXBuildFile; fileRef = A1800F6420E4D6B400C209E4 /* HSxStudentRealmTool.swift */; };
		A1800F6720E4DAAA00C209E4 /* Realm.framework in Frameworks */ = {isa = PBXBuildFile; fileRef = A1800F6620E4DAAA00C209E4 /* Realm.framework */; };
		A1800F6920E4DAB300C209E4 /* RealmSwift.framework in Frameworks */ = {isa = PBXBuildFile; fileRef = A1800F6820E4DAB300C209E4 /* RealmSwift.framework */; };
		A1800F6B20E4E79B00C209E4 /* Student.swift in Sources */ = {isa = PBXBuildFile; fileRef = A1800F6A20E4E79B00C209E4 /* Student.swift */; };
		A18B725820E6269600A05D79 /* Books.swift in Sources */ = {isa = PBXBuildFile; fileRef = A18B725720E6269600A05D79 /* Books.swift */; };
/* End PBXBuildFile section */

/* Begin PBXContainerItemProxy section */
		A1800F4520E4C21400C209E4 /* PBXContainerItemProxy */ = {
			isa = PBXContainerItemProxy;
			containerPortal = A1800F2820E4C21200C209E4 /* Project object */;
			proxyType = 1;
			remoteGlobalIDString = A1800F2F20E4C21200C209E4;
			remoteInfo = HSxRealmDemo;
		};
		A1800F5020E4C21400C209E4 /* PBXContainerItemProxy */ = {
			isa = PBXContainerItemProxy;
			containerPortal = A1800F2820E4C21200C209E4 /* Project object */;
			proxyType = 1;
			remoteGlobalIDString = A1800F2F20E4C21200C209E4;
			remoteInfo = HSxRealmDemo;
		};
/* End PBXContainerItemProxy section */

/* Begin PBXFileReference section */
		357BF31F5D6CAA64CDAC7E6B /* Pods-HSxRealmDemoUITests.debug.xcconfig */ = {isa = PBXFileReference; includeInIndex = 1; lastKnownFileType = text.xcconfig; name = "Pods-HSxRealmDemoUITests.debug.xcconfig"; path = "Pods/Target Support Files/Pods-HSxRealmDemoUITests/Pods-HSxRealmDemoUITests.debug.xcconfig"; sourceTree = "<group>"; };
		400C6B4ED2BCCBCC78B1FD54 /* Pods-HSxRealmDemoTests.debug.xcconfig */ = {isa = PBXFileReference; includeInIndex = 1; lastKnownFileType = text.xcconfig; name = "Pods-HSxRealmDemoTests.debug.xcconfig"; path = "Pods/Target Support Files/Pods-HSxRealmDemoTests/Pods-HSxRealmDemoTests.debug.xcconfig"; sourceTree = "<group>"; };
		4EECB273BDC72360DBC26272 /* Pods_HSxRealmDemoUITests.framework */ = {isa = PBXFileReference; explicitFileType = wrapper.framework; includeInIndex = 0; path = Pods_HSxRealmDemoUITests.framework; sourceTree = BUILT_PRODUCTS_DIR; };
		566C452DA57BC96A739B7868 /* Pods-HSxRealmDemoTests.release.xcconfig */ = {isa = PBXFileReference; includeInIndex = 1; lastKnownFileType = text.xcconfig; name = "Pods-HSxRealmDemoTests.release.xcconfig"; path = "Pods/Target Support Files/Pods-HSxRealmDemoTests/Pods-HSxRealmDemoTests.release.xcconfig"; sourceTree = "<group>"; };
		8C03B9E8013E5C33B7E3DF4F /* Pods-HSxRealmDemo.release.xcconfig */ = {isa = PBXFileReference; includeInIndex = 1; lastKnownFileType = text.xcconfig; name = "Pods-HSxRealmDemo.release.xcconfig"; path = "Pods/Target Support Files/Pods-HSxRealmDemo/Pods-HSxRealmDemo.release.xcconfig"; sourceTree = "<group>"; };
		A0EBA95DF1D3871BF7C9779B /* Pods_HSxRealmDemoTests.framework */ = {isa = PBXFileReference; explicitFileType = wrapper.framework; includeInIndex = 0; path = Pods_HSxRealmDemoTests.framework; sourceTree = BUILT_PRODUCTS_DIR; };
		A1800F3020E4C21200C209E4 /* HSxRealmDemo.app */ = {isa = PBXFileReference; explicitFileType = wrapper.application; includeInIndex = 0; path = HSxRealmDemo.app; sourceTree = BUILT_PRODUCTS_DIR; };
		A1800F3320E4C21200C209E4 /* AppDelegate.swift */ = {isa = PBXFileReference; lastKnownFileType = sourcecode.swift; path = AppDelegate.swift; sourceTree = "<group>"; };
		A1800F3520E4C21200C209E4 /* ViewController.swift */ = {isa = PBXFileReference; lastKnownFileType = sourcecode.swift; path = ViewController.swift; sourceTree = "<group>"; };
		A1800F3820E4C21200C209E4 /* Base */ = {isa = PBXFileReference; lastKnownFileType = file.storyboard; name = Base; path = Base.lproj/Main.storyboard; sourceTree = "<group>"; };
		A1800F3A20E4C21400C209E4 /* Assets.xcassets */ = {isa = PBXFileReference; lastKnownFileType = folder.assetcatalog; path = Assets.xcassets; sourceTree = "<group>"; };
		A1800F3D20E4C21400C209E4 /* Base */ = {isa = PBXFileReference; lastKnownFileType = file.storyboard; name = Base; path = Base.lproj/LaunchScreen.storyboard; sourceTree = "<group>"; };
		A1800F3F20E4C21400C209E4 /* Info.plist */ = {isa = PBXFileReference; lastKnownFileType = text.plist.xml; path = Info.plist; sourceTree = "<group>"; };
		A1800F4420E4C21400C209E4 /* HSxRealmDemoTests.xctest */ = {isa = PBXFileReference; explicitFileType = wrapper.cfbundle; includeInIndex = 0; path = HSxRealmDemoTests.xctest; sourceTree = BUILT_PRODUCTS_DIR; };
		A1800F4820E4C21400C209E4 /* HSxRealmDemoTests.swift */ = {isa = PBXFileReference; lastKnownFileType = sourcecode.swift; path = HSxRealmDemoTests.swift; sourceTree = "<group>"; };
		A1800F4A20E4C21400C209E4 /* Info.plist */ = {isa = PBXFileReference; lastKnownFileType = text.plist.xml; path = Info.plist; sourceTree = "<group>"; };
		A1800F4F20E4C21400C209E4 /* HSxRealmDemoUITests.xctest */ = {isa = PBXFileReference; explicitFileType = wrapper.cfbundle; includeInIndex = 0; path = HSxRealmDemoUITests.xctest; sourceTree = BUILT_PRODUCTS_DIR; };
		A1800F5320E4C21400C209E4 /* HSxRealmDemoUITests.swift */ = {isa = PBXFileReference; lastKnownFileType = sourcecode.swift; path = HSxRealmDemoUITests.swift; sourceTree = "<group>"; };
		A1800F5520E4C21400C209E4 /* Info.plist */ = {isa = PBXFileReference; lastKnownFileType = text.plist.xml; path = Info.plist; sourceTree = "<group>"; };
		A1800F6420E4D6B400C209E4 /* HSxStudentRealmTool.swift */ = {isa = PBXFileReference; lastKnownFileType = sourcecode.swift; path = HSxStudentRealmTool.swift; sourceTree = "<group>"; };
		A1800F6620E4DAAA00C209E4 /* Realm.framework */ = {isa = PBXFileReference; explicitFileType = wrapper.framework; path = Realm.framework; sourceTree = BUILT_PRODUCTS_DIR; };
		A1800F6820E4DAB300C209E4 /* RealmSwift.framework */ = {isa = PBXFileReference; explicitFileType = wrapper.framework; path = RealmSwift.framework; sourceTree = BUILT_PRODUCTS_DIR; };
		A1800F6A20E4E79B00C209E4 /* Student.swift */ = {isa = PBXFileReference; lastKnownFileType = sourcecode.swift; path = Student.swift; sourceTree = "<group>"; };
		A18B725720E6269600A05D79 /* Books.swift */ = {isa = PBXFileReference; lastKnownFileType = sourcecode.swift; path = Books.swift; sourceTree = "<group>"; };
		A63361B358EFBC4FBBDC4557 /* Pods-HSxRealmDemoUITests.release.xcconfig */ = {isa = PBXFileReference; includeInIndex = 1; lastKnownFileType = text.xcconfig; name = "Pods-HSxRealmDemoUITests.release.xcconfig"; path = "Pods/Target Support Files/Pods-HSxRealmDemoUITests/Pods-HSxRealmDemoUITests.release.xcconfig"; sourceTree = "<group>"; };
		AEDFE21888FF67ADC9463277 /* Pods_HSxRealmDemo.framework */ = {isa = PBXFileReference; explicitFileType = wrapper.framework; includeInIndex = 0; path = Pods_HSxRealmDemo.framework; sourceTree = BUILT_PRODUCTS_DIR; };
		C02D91FF2B3740729F1E02FB /* Pods-HSxRealmDemo.debug.xcconfig */ = {isa = PBXFileReference; includeInIndex = 1; lastKnownFileType = text.xcconfig; name = "Pods-HSxRealmDemo.debug.xcconfig"; path = "Pods/Target Support Files/Pods-HSxRealmDemo/Pods-HSxRealmDemo.debug.xcconfig"; sourceTree = "<group>"; };
/* End PBXFileReference section */

/* Begin PBXFrameworksBuildPhase section */
		A1800F2D20E4C21200C209E4 /* Frameworks */ = {
			isa = PBXFrameworksBuildPhase;
			buildActionMask = 2147483647;
			files = (
				A1800F6920E4DAB300C209E4 /* RealmSwift.framework in Frameworks */,
				A1800F6720E4DAAA00C209E4 /* Realm.framework in Frameworks */,
				938B7B4E027A4D2039355125 /* Pods_HSxRealmDemo.framework in Frameworks */,
			);
			runOnlyForDeploymentPostprocessing = 0;
		};
		A1800F4120E4C21400C209E4 /* Frameworks */ = {
			isa = PBXFrameworksBuildPhase;
			buildActionMask = 2147483647;
			files = (
				5F27B09D4D4162F61794B9AD /* Pods_HSxRealmDemoTests.framework in Frameworks */,
			);
			runOnlyForDeploymentPostprocessing = 0;
		};
		A1800F4C20E4C21400C209E4 /* Frameworks */ = {
			isa = PBXFrameworksBuildPhase;
			buildActionMask = 2147483647;
			files = (
				6329804A9423E49C6C336533 /* Pods_HSxRealmDemoUITests.framework in Frameworks */,
			);
			runOnlyForDeploymentPostprocessing = 0;
		};
/* End PBXFrameworksBuildPhase section */

/* Begin PBXGroup section */
		A1800F2720E4C21200C209E4 = {
			isa = PBXGroup;
			children = (
				A1800F3220E4C21200C209E4 /* HSxRealmDemo */,
				A1800F4720E4C21400C209E4 /* HSxRealmDemoTests */,
				A1800F5220E4C21400C209E4 /* HSxRealmDemoUITests */,
				A1800F3120E4C21200C209E4 /* Products */,
				D8B69EB775735F94973032F7 /* Pods */,
				FB22284CC4F856624B7D674A /* Frameworks */,
			);
			sourceTree = "<group>";
		};
		A1800F3120E4C21200C209E4 /* Products */ = {
			isa = PBXGroup;
			children = (
				A1800F3020E4C21200C209E4 /* HSxRealmDemo.app */,
				A1800F4420E4C21400C209E4 /* HSxRealmDemoTests.xctest */,
				A1800F4F20E4C21400C209E4 /* HSxRealmDemoUITests.xctest */,
			);
			name = Products;
			sourceTree = "<group>";
		};
		A1800F3220E4C21200C209E4 /* HSxRealmDemo */ = {
			isa = PBXGroup;
			children = (
				A1800F6120E4C52B00C209E4 /* Classes */,
				A1800F3320E4C21200C209E4 /* AppDelegate.swift */,
				A1800F3520E4C21200C209E4 /* ViewController.swift */,
				A1800F3720E4C21200C209E4 /* Main.storyboard */,
				A1800F3A20E4C21400C209E4 /* Assets.xcassets */,
				A1800F3C20E4C21400C209E4 /* LaunchScreen.storyboard */,
				A1800F3F20E4C21400C209E4 /* Info.plist */,
			);
			path = HSxRealmDemo;
			sourceTree = "<group>";
		};
		A1800F4720E4C21400C209E4 /* HSxRealmDemoTests */ = {
			isa = PBXGroup;
			children = (
				A1800F4820E4C21400C209E4 /* HSxRealmDemoTests.swift */,
				A1800F4A20E4C21400C209E4 /* Info.plist */,
			);
			path = HSxRealmDemoTests;
			sourceTree = "<group>";
		};
		A1800F5220E4C21400C209E4 /* HSxRealmDemoUITests */ = {
			isa = PBXGroup;
			children = (
				A1800F5320E4C21400C209E4 /* HSxRealmDemoUITests.swift */,
				A1800F5520E4C21400C209E4 /* Info.plist */,
			);
			path = HSxRealmDemoUITests;
			sourceTree = "<group>";
		};
		A1800F6120E4C52B00C209E4 /* Classes */ = {
			isa = PBXGroup;
			children = (
				A1800F6220E4D5BB00C209E4 /* Models */,
				A1800F6320E4D5BB00C209E4 /* Tools */,
			);
			path = Classes;
			sourceTree = "<group>";
		};
		A1800F6220E4D5BB00C209E4 /* Models */ = {
			isa = PBXGroup;
			children = (
				A1800F6A20E4E79B00C209E4 /* Student.swift */,
				A18B725720E6269600A05D79 /* Books.swift */,
			);
			path = Models;
			sourceTree = "<group>";
		};
		A1800F6320E4D5BB00C209E4 /* Tools */ = {
			isa = PBXGroup;
			children = (
				A1800F6420E4D6B400C209E4 /* HSxStudentRealmTool.swift */,
			);
			path = Tools;
			sourceTree = "<group>";
		};
		D8B69EB775735F94973032F7 /* Pods */ = {
			isa = PBXGroup;
			children = (
				C02D91FF2B3740729F1E02FB /* Pods-HSxRealmDemo.debug.xcconfig */,
				8C03B9E8013E5C33B7E3DF4F /* Pods-HSxRealmDemo.release.xcconfig */,
				400C6B4ED2BCCBCC78B1FD54 /* Pods-HSxRealmDemoTests.debug.xcconfig */,
				566C452DA57BC96A739B7868 /* Pods-HSxRealmDemoTests.release.xcconfig */,
				357BF31F5D6CAA64CDAC7E6B /* Pods-HSxRealmDemoUITests.debug.xcconfig */,
				A63361B358EFBC4FBBDC4557 /* Pods-HSxRealmDemoUITests.release.xcconfig */,
			);
			name = Pods;
			sourceTree = "<group>";
		};
		FB22284CC4F856624B7D674A /* Frameworks */ = {
			isa = PBXGroup;
			children = (
				A1800F6820E4DAB300C209E4 /* RealmSwift.framework */,
				A1800F6620E4DAAA00C209E4 /* Realm.framework */,
				AEDFE21888FF67ADC9463277 /* Pods_HSxRealmDemo.framework */,
				A0EBA95DF1D3871BF7C9779B /* Pods_HSxRealmDemoTests.framework */,
				4EECB273BDC72360DBC26272 /* Pods_HSxRealmDemoUITests.framework */,
			);
			name = Frameworks;
			sourceTree = "<group>";
		};
/* End PBXGroup section */

/* Begin PBXNativeTarget section */
		A1800F2F20E4C21200C209E4 /* HSxRealmDemo */ = {
			isa = PBXNativeTarget;
			buildConfigurationList = A1800F5820E4C21400C209E4 /* Build configuration list for PBXNativeTarget "HSxRealmDemo" */;
			buildPhases = (
				6962D572AAC54E38C25606E9 /* [CP] Check Pods Manifest.lock */,
				A1800F2C20E4C21200C209E4 /* Sources */,
				A1800F2D20E4C21200C209E4 /* Frameworks */,
				A1800F2E20E4C21200C209E4 /* Resources */,
				EB793C0A709CC0DFEB87F065 /* [CP] Embed Pods Frameworks */,
			);
			buildRules = (
			);
			dependencies = (
			);
			name = HSxRealmDemo;
			productName = HSxRealmDemo;
			productReference = A1800F3020E4C21200C209E4 /* HSxRealmDemo.app */;
			productType = "com.apple.product-type.application";
		};
		A1800F4320E4C21400C209E4 /* HSxRealmDemoTests */ = {
			isa = PBXNativeTarget;
			buildConfigurationList = A1800F5B20E4C21400C209E4 /* Build configuration list for PBXNativeTarget "HSxRealmDemoTests" */;
			buildPhases = (
				6BBF6E10CB722C114DCDC482 /* [CP] Check Pods Manifest.lock */,
				A1800F4020E4C21400C209E4 /* Sources */,
				A1800F4120E4C21400C209E4 /* Frameworks */,
				A1800F4220E4C21400C209E4 /* Resources */,
			);
			buildRules = (
			);
			dependencies = (
				A1800F4620E4C21400C209E4 /* PBXTargetDependency */,
			);
			name = HSxRealmDemoTests;
			productName = HSxRealmDemoTests;
			productReference = A1800F4420E4C21400C209E4 /* HSxRealmDemoTests.xctest */;
			productType = "com.apple.product-type.bundle.unit-test";
		};
		A1800F4E20E4C21400C209E4 /* HSxRealmDemoUITests */ = {
			isa = PBXNativeTarget;
			buildConfigurationList = A1800F5E20E4C21400C209E4 /* Build configuration list for PBXNativeTarget "HSxRealmDemoUITests" */;
			buildPhases = (
				7512BBA0B697B8930C91ED68 /* [CP] Check Pods Manifest.lock */,
				A1800F4B20E4C21400C209E4 /* Sources */,
				A1800F4C20E4C21400C209E4 /* Frameworks */,
				A1800F4D20E4C21400C209E4 /* Resources */,
			);
			buildRules = (
			);
			dependencies = (
				A1800F5120E4C21400C209E4 /* PBXTargetDependency */,
			);
			name = HSxRealmDemoUITests;
			productName = HSxRealmDemoUITests;
			productReference = A1800F4F20E4C21400C209E4 /* HSxRealmDemoUITests.xctest */;
			productType = "com.apple.product-type.bundle.ui-testing";
		};
/* End PBXNativeTarget section */

/* Begin PBXProject section */
		A1800F2820E4C21200C209E4 /* Project object */ = {
			isa = PBXProject;
			attributes = {
				LastSwiftUpdateCheck = 0940;
				LastUpgradeCheck = 0940;
				ORGANIZATIONNAME = emily;
				TargetAttributes = {
					A1800F2F20E4C21200C209E4 = {
						CreatedOnToolsVersion = 9.4;
					};
					A1800F4320E4C21400C209E4 = {
						CreatedOnToolsVersion = 9.4;
						TestTargetID = A1800F2F20E4C21200C209E4;
					};
					A1800F4E20E4C21400C209E4 = {
						CreatedOnToolsVersion = 9.4;
						TestTargetID = A1800F2F20E4C21200C209E4;
					};
				};
			};
			buildConfigurationList = A1800F2B20E4C21200C209E4 /* Build configuration list for PBXProject "HSxRealmDemo" */;
			compatibilityVersion = "Xcode 9.3";
			developmentRegion = en;
			hasScannedForEncodings = 0;
			knownRegions = (
				en,
				Base,
			);
			mainGroup = A1800F2720E4C21200C209E4;
			productRefGroup = A1800F3120E4C21200C209E4 /* Products */;
			projectDirPath = "";
			projectRoot = "";
			targets = (
				A1800F2F20E4C21200C209E4 /* HSxRealmDemo */,
				A1800F4320E4C21400C209E4 /* HSxRealmDemoTests */,
				A1800F4E20E4C21400C209E4 /* HSxRealmDemoUITests */,
			);
		};
/* End PBXProject section */

/* Begin PBXResourcesBuildPhase section */
		A1800F2E20E4C21200C209E4 /* Resources */ = {
			isa = PBXResourcesBuildPhase;
			buildActionMask = 2147483647;
			files = (
				A1800F3E20E4C21400C209E4 /* LaunchScreen.storyboard in Resources */,
				A1800F3B20E4C21400C209E4 /* Assets.xcassets in Resources */,
				A1800F3920E4C21200C209E4 /* Main.storyboard in Resources */,
			);
			runOnlyForDeploymentPostprocessing = 0;
		};
		A1800F4220E4C21400C209E4 /* Resources */ = {
			isa = PBXResourcesBuildPhase;
			buildActionMask = 2147483647;
			files = (
			);
			runOnlyForDeploymentPostprocessing = 0;
		};
		A1800F4D20E4C21400C209E4 /* Resources */ = {
			isa = PBXResourcesBuildPhase;
			buildActionMask = 2147483647;
			files = (
			);
			runOnlyForDeploymentPostprocessing = 0;
		};
/* End PBXResourcesBuildPhase section */

/* Begin PBXShellScriptBuildPhase section */
		6962D572AAC54E38C25606E9 /* [CP] Check Pods Manifest.lock */ = {
			isa = PBXShellScriptBuildPhase;
			buildActionMask = 2147483647;
			files = (
			);
			inputPaths = (
				"${PODS_PODFILE_DIR_PATH}/Podfile.lock",
				"${PODS_ROOT}/Manifest.lock",
			);
			name = "[CP] Check Pods Manifest.lock";
			outputPaths = (
				"$(DERIVED_FILE_DIR)/Pods-HSxRealmDemo-checkManifestLockResult.txt",
			);
			runOnlyForDeploymentPostprocessing = 0;
			shellPath = /bin/sh;
			shellScript = "diff \"${PODS_PODFILE_DIR_PATH}/Podfile.lock\" \"${PODS_ROOT}/Manifest.lock\" > /dev/null\nif [ $? != 0 ] ; then\n    # print error to STDERR\n    echo \"error: The sandbox is not in sync with the Podfile.lock. Run 'pod install' or update your CocoaPods installation.\" >&2\n    exit 1\nfi\n# This output is used by Xcode 'outputs' to avoid re-running this script phase.\necho \"SUCCESS\" > \"${SCRIPT_OUTPUT_FILE_0}\"\n";
			showEnvVarsInLog = 0;
		};
		6BBF6E10CB722C114DCDC482 /* [CP] Check Pods Manifest.lock */ = {
			isa = PBXShellScriptBuildPhase;
			buildActionMask = 2147483647;
			files = (
			);
			inputPaths = (
				"${PODS_PODFILE_DIR_PATH}/Podfile.lock",
				"${PODS_ROOT}/Manifest.lock",
			);
			name = "[CP] Check Pods Manifest.lock";
			outputPaths = (
				"$(DERIVED_FILE_DIR)/Pods-HSxRealmDemoTests-checkManifestLockResult.txt",
			);
			runOnlyForDeploymentPostprocessing = 0;
			shellPath = /bin/sh;
			shellScript = "diff \"${PODS_PODFILE_DIR_PATH}/Podfile.lock\" \"${PODS_ROOT}/Manifest.lock\" > /dev/null\nif [ $? != 0 ] ; then\n    # print error to STDERR\n    echo \"error: The sandbox is not in sync with the Podfile.lock. Run 'pod install' or update your CocoaPods installation.\" >&2\n    exit 1\nfi\n# This output is used by Xcode 'outputs' to avoid re-running this script phase.\necho \"SUCCESS\" > \"${SCRIPT_OUTPUT_FILE_0}\"\n";
			showEnvVarsInLog = 0;
		};
		7512BBA0B697B8930C91ED68 /* [CP] Check Pods Manifest.lock */ = {
			isa = PBXShellScriptBuildPhase;
			buildActionMask = 2147483647;
			files = (
			);
			inputPaths = (
				"${PODS_PODFILE_DIR_PATH}/Podfile.lock",
				"${PODS_ROOT}/Manifest.lock",
			);
			name = "[CP] Check Pods Manifest.lock";
			outputPaths = (
				"$(DERIVED_FILE_DIR)/Pods-HSxRealmDemoUITests-checkManifestLockResult.txt",
			);
			runOnlyForDeploymentPostprocessing = 0;
			shellPath = /bin/sh;
			shellScript = "diff \"${PODS_PODFILE_DIR_PATH}/Podfile.lock\" \"${PODS_ROOT}/Manifest.lock\" > /dev/null\nif [ $? != 0 ] ; then\n    # print error to STDERR\n    echo \"error: The sandbox is not in sync with the Podfile.lock. Run 'pod install' or update your CocoaPods installation.\" >&2\n    exit 1\nfi\n# This output is used by Xcode 'outputs' to avoid re-running this script phase.\necho \"SUCCESS\" > \"${SCRIPT_OUTPUT_FILE_0}\"\n";
			showEnvVarsInLog = 0;
		};
		EB793C0A709CC0DFEB87F065 /* [CP] Embed Pods Frameworks */ = {
			isa = PBXShellScriptBuildPhase;
			buildActionMask = 2147483647;
			files = (
			);
			inputPaths = (
				"${SRCROOT}/Pods/Target Support Files/Pods-HSxRealmDemo/Pods-HSxRealmDemo-frameworks.sh",
				"${BUILT_PRODUCTS_DIR}/Realm/Realm.framework",
				"${BUILT_PRODUCTS_DIR}/RealmSwift/RealmSwift.framework",
			);
			name = "[CP] Embed Pods Frameworks";
			outputPaths = (
				"${TARGET_BUILD_DIR}/${FRAMEWORKS_FOLDER_PATH}/Realm.framework",
				"${TARGET_BUILD_DIR}/${FRAMEWORKS_FOLDER_PATH}/RealmSwift.framework",
			);
			runOnlyForDeploymentPostprocessing = 0;
			shellPath = /bin/sh;
			shellScript = "\"${SRCROOT}/Pods/Target Support Files/Pods-HSxRealmDemo/Pods-HSxRealmDemo-frameworks.sh\"\n";
			showEnvVarsInLog = 0;
		};
/* End PBXShellScriptBuildPhase section */

/* Begin PBXSourcesBuildPhase section */
		A1800F2C20E4C21200C209E4 /* Sources */ = {
			isa = PBXSourcesBuildPhase;
			buildActionMask = 2147483647;
			files = (
				A1800F6520E4D6B400C209E4 /* HSxStudentRealmTool.swift in Sources */,
				A1800F3620E4C21200C209E4 /* ViewController.swift in Sources */,
				A1800F3420E4C21200C209E4 /* AppDelegate.swift in Sources */,
				A1800F6B20E4E79B00C209E4 /* Student.swift in Sources */,
				A18B725820E6269600A05D79 /* Books.swift in Sources */,
			);
			runOnlyForDeploymentPostprocessing = 0;
		};
		A1800F4020E4C21400C209E4 /* Sources */ = {
			isa = PBXSourcesBuildPhase;
			buildActionMask = 2147483647;
			files = (
				A1800F4920E4C21400C209E4 /* HSxRealmDemoTests.swift in Sources */,
			);
			runOnlyForDeploymentPostprocessing = 0;
		};
		A1800F4B20E4C21400C209E4 /* Sources */ = {
			isa = PBXSourcesBuildPhase;
			buildActionMask = 2147483647;
			files = (
				A1800F5420E4C21400C209E4 /* HSxRealmDemoUITests.swift in Sources */,
			);
			runOnlyForDeploymentPostprocessing = 0;
		};
/* End PBXSourcesBuildPhase section */

/* Begin PBXTargetDependency section */
		A1800F4620E4C21400C209E4 /* PBXTargetDependency */ = {
			isa = PBXTargetDependency;
			target = A1800F2F20E4C21200C209E4 /* HSxRealmDemo */;
			targetProxy = A1800F4520E4C21400C209E4 /* PBXContainerItemProxy */;
		};
		A1800F5120E4C21400C209E4 /* PBXTargetDependency */ = {
			isa = PBXTargetDependency;
			target = A1800F2F20E4C21200C209E4 /* HSxRealmDemo */;
			targetProxy = A1800F5020E4C21400C209E4 /* PBXContainerItemProxy */;
		};
/* End PBXTargetDependency section */

/* Begin PBXVariantGroup section */
		A1800F3720E4C21200C209E4 /* Main.storyboard */ = {
			isa = PBXVariantGroup;
			children = (
				A1800F3820E4C21200C209E4 /* Base */,
			);
			name = Main.storyboard;
			sourceTree = "<group>";
		};
		A1800F3C20E4C21400C209E4 /* LaunchScreen.storyboard */ = {
			isa = PBXVariantGroup;
			children = (
				A1800F3D20E4C21400C209E4 /* Base */,
			);
			name = LaunchScreen.storyboard;
			sourceTree = "<group>";
		};
/* End PBXVariantGroup section */

/* Begin XCBuildConfiguration section */
		A1800F5620E4C21400C209E4 /* Debug */ = {
			isa = XCBuildConfiguration;
			buildSettings = {
				ALWAYS_SEARCH_USER_PATHS = NO;
				CLANG_ANALYZER_NONNULL = YES;
				CLANG_ANALYZER_NUMBER_OBJECT_CONVERSION = YES_AGGRESSIVE;
				CLANG_CXX_LANGUAGE_STANDARD = "gnu++14";
				CLANG_CXX_LIBRARY = "libc++";
				CLANG_ENABLE_MODULES = YES;
				CLANG_ENABLE_OBJC_ARC = YES;
				CLANG_ENABLE_OBJC_WEAK = YES;
				CLANG_WARN_BLOCK_CAPTURE_AUTORELEASING = YES;
				CLANG_WARN_BOOL_CONVERSION = YES;
				CLANG_WARN_COMMA = YES;
				CLANG_WARN_CONSTANT_CONVERSION = YES;
				CLANG_WARN_DEPRECATED_OBJC_IMPLEMENTATIONS = YES;
				CLANG_WARN_DIRECT_OBJC_ISA_USAGE = YES_ERROR;
				CLANG_WARN_DOCUMENTATION_COMMENTS = YES;
				CLANG_WARN_EMPTY_BODY = YES;
				CLANG_WARN_ENUM_CONVERSION = YES;
				CLANG_WARN_INFINITE_RECURSION = YES;
				CLANG_WARN_INT_CONVERSION = YES;
				CLANG_WARN_NON_LITERAL_NULL_CONVERSION = YES;
				CLANG_WARN_OBJC_IMPLICIT_RETAIN_SELF = YES;
				CLANG_WARN_OBJC_LITERAL_CONVERSION = YES;
				CLANG_WARN_OBJC_ROOT_CLASS = YES_ERROR;
				CLANG_WARN_RANGE_LOOP_ANALYSIS = YES;
				CLANG_WARN_STRICT_PROTOTYPES = YES;
				CLANG_WARN_SUSPICIOUS_MOVE = YES;
				CLANG_WARN_UNGUARDED_AVAILABILITY = YES_AGGRESSIVE;
				CLANG_WARN_UNREACHABLE_CODE = YES;
				CLANG_WARN__DUPLICATE_METHOD_MATCH = YES;
				CODE_SIGN_IDENTITY = "iPhone Developer";
				COPY_PHASE_STRIP = NO;
				DEBUG_INFORMATION_FORMAT = dwarf;
				ENABLE_STRICT_OBJC_MSGSEND = YES;
				ENABLE_TESTABILITY = YES;
				GCC_C_LANGUAGE_STANDARD = gnu11;
				GCC_DYNAMIC_NO_PIC = NO;
				GCC_NO_COMMON_BLOCKS = YES;
				GCC_OPTIMIZATION_LEVEL = 0;
				GCC_PREPROCESSOR_DEFINITIONS = (
					"DEBUG=1",
					"$(inherited)",
				);
				GCC_WARN_64_TO_32_BIT_CONVERSION = YES;
				GCC_WARN_ABOUT_RETURN_TYPE = YES_ERROR;
				GCC_WARN_UNDECLARED_SELECTOR = YES;
				GCC_WARN_UNINITIALIZED_AUTOS = YES_AGGRESSIVE;
				GCC_WARN_UNUSED_FUNCTION = YES;
				GCC_WARN_UNUSED_VARIABLE = YES;
				IPHONEOS_DEPLOYMENT_TARGET = 11.4;
				MTL_ENABLE_DEBUG_INFO = YES;
				ONLY_ACTIVE_ARCH = YES;
				SDKROOT = iphoneos;
				SWIFT_ACTIVE_COMPILATION_CONDITIONS = DEBUG;
				SWIFT_OPTIMIZATION_LEVEL = "-Onone";
			};
			name = Debug;
		};
		A1800F5720E4C21400C209E4 /* Release */ = {
			isa = XCBuildConfiguration;
			buildSettings = {
				ALWAYS_SEARCH_USER_PATHS = NO;
				CLANG_ANALYZER_NONNULL = YES;
				CLANG_ANALYZER_NUMBER_OBJECT_CONVERSION = YES_AGGRESSIVE;
				CLANG_CXX_LANGUAGE_STANDARD = "gnu++14";
				CLANG_CXX_LIBRARY = "libc++";
				CLANG_ENABLE_MODULES = YES;
				CLANG_ENABLE_OBJC_ARC = YES;
				CLANG_ENABLE_OBJC_WEAK = YES;
				CLANG_WARN_BLOCK_CAPTURE_AUTORELEASING = YES;
				CLANG_WARN_BOOL_CONVERSION = YES;
				CLANG_WARN_COMMA = YES;
				CLANG_WARN_CONSTANT_CONVERSION = YES;
				CLANG_WARN_DEPRECATED_OBJC_IMPLEMENTATIONS = YES;
				CLANG_WARN_DIRECT_OBJC_ISA_USAGE = YES_ERROR;
				CLANG_WARN_DOCUMENTATION_COMMENTS = YES;
				CLANG_WARN_EMPTY_BODY = YES;
				CLANG_WARN_ENUM_CONVERSION = YES;
				CLANG_WARN_INFINITE_RECURSION = YES;
				CLANG_WARN_INT_CONVERSION = YES;
				CLANG_WARN_NON_LITERAL_NULL_CONVERSION = YES;
				CLANG_WARN_OBJC_IMPLICIT_RETAIN_SELF = YES;
				CLANG_WARN_OBJC_LITERAL_CONVERSION = YES;
				CLANG_WARN_OBJC_ROOT_CLASS = YES_ERROR;
				CLANG_WARN_RANGE_LOOP_ANALYSIS = YES;
				CLANG_WARN_STRICT_PROTOTYPES = YES;
				CLANG_WARN_SUSPICIOUS_MOVE = YES;
				CLANG_WARN_UNGUARDED_AVAILABILITY = YES_AGGRESSIVE;
				CLANG_WARN_UNREACHABLE_CODE = YES;
				CLANG_WARN__DUPLICATE_METHOD_MATCH = YES;
				CODE_SIGN_IDENTITY = "iPhone Developer";
				COPY_PHASE_STRIP = NO;
				DEBUG_INFORMATION_FORMAT = "dwarf-with-dsym";
				ENABLE_NS_ASSERTIONS = NO;
				ENABLE_STRICT_OBJC_MSGSEND = YES;
				GCC_C_LANGUAGE_STANDARD = gnu11;
				GCC_NO_COMMON_BLOCKS = YES;
				GCC_WARN_64_TO_32_BIT_CONVERSION = YES;
				GCC_WARN_ABOUT_RETURN_TYPE = YES_ERROR;
				GCC_WARN_UNDECLARED_SELECTOR = YES;
				GCC_WARN_UNINITIALIZED_AUTOS = YES_AGGRESSIVE;
				GCC_WARN_UNUSED_FUNCTION = YES;
				GCC_WARN_UNUSED_VARIABLE = YES;
				IPHONEOS_DEPLOYMENT_TARGET = 11.4;
				MTL_ENABLE_DEBUG_INFO = NO;
				SDKROOT = iphoneos;
				SWIFT_COMPILATION_MODE = wholemodule;
				SWIFT_OPTIMIZATION_LEVEL = "-O";
				VALIDATE_PRODUCT = YES;
			};
			name = Release;
		};
		A1800F5920E4C21400C209E4 /* Debug */ = {
			isa = XCBuildConfiguration;
			baseConfigurationReference = C02D91FF2B3740729F1E02FB /* Pods-HSxRealmDemo.debug.xcconfig */;
			buildSettings = {
				ASSETCATALOG_COMPILER_APPICON_NAME = AppIcon;
				CODE_SIGN_STYLE = Automatic;
				DEVELOPMENT_TEAM = XA34FPD68L;
				INFOPLIST_FILE = HSxRealmDemo/Info.plist;
				LD_RUNPATH_SEARCH_PATHS = (
					"$(inherited)",
					"@executable_path/Frameworks",
				);
				PRODUCT_BUNDLE_IDENTIFIER = com.hsxi.HSxRealmDemo;
				PRODUCT_NAME = "$(TARGET_NAME)";
				SWIFT_VERSION = 4.0;
				TARGETED_DEVICE_FAMILY = "1,2";
			};
			name = Debug;
		};
		A1800F5A20E4C21400C209E4 /* Release */ = {
			isa = XCBuildConfiguration;
			baseConfigurationReference = 8C03B9E8013E5C33B7E3DF4F /* Pods-HSxRealmDemo.release.xcconfig */;
			buildSettings = {
				ASSETCATALOG_COMPILER_APPICON_NAME = AppIcon;
				CODE_SIGN_STYLE = Automatic;
				DEVELOPMENT_TEAM = XA34FPD68L;
				INFOPLIST_FILE = HSxRealmDemo/Info.plist;
				LD_RUNPATH_SEARCH_PATHS = (
					"$(inherited)",
					"@executable_path/Frameworks",
				);
				PRODUCT_BUNDLE_IDENTIFIER = com.hsxi.HSxRealmDemo;
				PRODUCT_NAME = "$(TARGET_NAME)";
				SWIFT_VERSION = 4.0;
				TARGETED_DEVICE_FAMILY = "1,2";
			};
			name = Release;
		};
		A1800F5C20E4C21400C209E4 /* Debug */ = {
			isa = XCBuildConfiguration;
			baseConfigurationReference = 400C6B4ED2BCCBCC78B1FD54 /* Pods-HSxRealmDemoTests.debug.xcconfig */;
			buildSettings = {
				ALWAYS_EMBED_SWIFT_STANDARD_LIBRARIES = YES;
				BUNDLE_LOADER = "$(TEST_HOST)";
				CODE_SIGN_STYLE = Automatic;
				DEVELOPMENT_TEAM = XA34FPD68L;
				INFOPLIST_FILE = HSxRealmDemoTests/Info.plist;
				LD_RUNPATH_SEARCH_PATHS = (
					"$(inherited)",
					"@executable_path/Frameworks",
					"@loader_path/Frameworks",
				);
				PRODUCT_BUNDLE_IDENTIFIER = com.hsxi.HSxRealmDemoTests;
				PRODUCT_NAME = "$(TARGET_NAME)";
				SWIFT_VERSION = 4.0;
				TARGETED_DEVICE_FAMILY = "1,2";
				TEST_HOST = "$(BUILT_PRODUCTS_DIR)/HSxRealmDemo.app/HSxRealmDemo";
			};
			name = Debug;
		};
		A1800F5D20E4C21400C209E4 /* Release */ = {
			isa = XCBuildConfiguration;
			baseConfigurationReference = 566C452DA57BC96A739B7868 /* Pods-HSxRealmDemoTests.release.xcconfig */;
			buildSettings = {
				ALWAYS_EMBED_SWIFT_STANDARD_LIBRARIES = YES;
				BUNDLE_LOADER = "$(TEST_HOST)";
				CODE_SIGN_STYLE = Automatic;
				DEVELOPMENT_TEAM = XA34FPD68L;
				INFOPLIST_FILE = HSxRealmDemoTests/Info.plist;
				LD_RUNPATH_SEARCH_PATHS = (
					"$(inherited)",
					"@executable_path/Frameworks",
					"@loader_path/Frameworks",
				);
				PRODUCT_BUNDLE_IDENTIFIER = com.hsxi.HSxRealmDemoTests;
				PRODUCT_NAME = "$(TARGET_NAME)";
				SWIFT_VERSION = 4.0;
				TARGETED_DEVICE_FAMILY = "1,2";
				TEST_HOST = "$(BUILT_PRODUCTS_DIR)/HSxRealmDemo.app/HSxRealmDemo";
			};
			name = Release;
		};
		A1800F5F20E4C21400C209E4 /* Debug */ = {
			isa = XCBuildConfiguration;
			baseConfigurationReference = 357BF31F5D6CAA64CDAC7E6B /* Pods-HSxRealmDemoUITests.debug.xcconfig */;
			buildSettings = {
				ALWAYS_EMBED_SWIFT_STANDARD_LIBRARIES = YES;
				CODE_SIGN_STYLE = Automatic;
				DEVELOPMENT_TEAM = XA34FPD68L;
				INFOPLIST_FILE = HSxRealmDemoUITests/Info.plist;
				LD_RUNPATH_SEARCH_PATHS = (
					"$(inherited)",
					"@executable_path/Frameworks",
					"@loader_path/Frameworks",
				);
				PRODUCT_BUNDLE_IDENTIFIER = com.hsxi.HSxRealmDemoUITests;
				PRODUCT_NAME = "$(TARGET_NAME)";
				SWIFT_VERSION = 4.0;
				TARGETED_DEVICE_FAMILY = "1,2";
				TEST_TARGET_NAME = HSxRealmDemo;
			};
			name = Debug;
		};
		A1800F6020E4C21400C209E4 /* Release */ = {
			isa = XCBuildConfiguration;
			baseConfigurationReference = A63361B358EFBC4FBBDC4557 /* Pods-HSxRealmDemoUITests.release.xcconfig */;
			buildSettings = {
				ALWAYS_EMBED_SWIFT_STANDARD_LIBRARIES = YES;
				CODE_SIGN_STYLE = Automatic;
				DEVELOPMENT_TEAM = XA34FPD68L;
				INFOPLIST_FILE = HSxRealmDemoUITests/Info.plist;
				LD_RUNPATH_SEARCH_PATHS = (
					"$(inherited)",
					"@executable_path/Frameworks",
					"@loader_path/Frameworks",
				);
				PRODUCT_BUNDLE_IDENTIFIER = com.hsxi.HSxRealmDemoUITests;
				PRODUCT_NAME = "$(TARGET_NAME)";
				SWIFT_VERSION = 4.0;
				TARGETED_DEVICE_FAMILY = "1,2";
				TEST_TARGET_NAME = HSxRealmDemo;
			};
			name = Release;
		};
/* End XCBuildConfiguration section */

/* Begin XCConfigurationList section */
		A1800F2B20E4C21200C209E4 /* Build configuration list for PBXProject "HSxRealmDemo" */ = {
			isa = XCConfigurationList;
			buildConfigurations = (
				A1800F5620E4C21400C209E4 /* Debug */,
				A1800F5720E4C21400C209E4 /* Release */,
			);
			defaultConfigurationIsVisible = 0;
			defaultConfigurationName = Release;
		};
		A1800F5820E4C21400C209E4 /* Build configuration list for PBXNativeTarget "HSxRealmDemo" */ = {
			isa = XCConfigurationList;
			buildConfigurations = (
				A1800F5920E4C21400C209E4 /* Debug */,
				A1800F5A20E4C21400C209E4 /* Release */,
			);
			defaultConfigurationIsVisible = 0;
			defaultConfigurationName = Release;
		};
		A1800F5B20E4C21400C209E4 /* Build configuration list for PBXNativeTarget "HSxRealmDemoTests" */ = {
			isa = XCConfigurationList;
			buildConfigurations = (
				A1800F5C20E4C21400C209E4 /* Debug */,
				A1800F5D20E4C21400C209E4 /* Release */,
			);
			defaultConfigurationIsVisible = 0;
			defaultConfigurationName = Release;
		};
		A1800F5E20E4C21400C209E4 /* Build configuration list for PBXNativeTarget "HSxRealmDemoUITests" */ = {
			isa = XCConfigurationList;
			buildConfigurations = (
				A1800F5F20E4C21400C209E4 /* Debug */,
				A1800F6020E4C21400C209E4 /* Release */,
			);
			defaultConfigurationIsVisible = 0;
			defaultConfigurationName = Release;
		};
/* End XCConfigurationList section */
	};
	rootObject = A1800F2820E4C21200C209E4 /* Project object */;
}
